PODS:
  - applovin_max (4.4.0):
    - AppLovinSDK (= 13.2.0)
    - Flutter
  - AppLovinSDK (13.2.0)
  - audioplayers_darwin (0.0.1):
    - Flutter
    - FlutterMacOS
  - Flutter (1.0.0)
  - flutter_ad_ios_plugins (0.0.1):
    - Flutter
  - flutter_app_lifecycle (0.0.1):
    - Flutter
  - fluttertoast (0.0.2):
    - Flutter
  - path_provider_foundation (0.0.1):
    - Flutter
    - FlutterMacOS
  - spine_flutter (0.0.1):
    - Flutter
  - sqflite_darwin (0.0.4):
    - Flutter
    - FlutterMacOS
  - webview_flutter_wkwebview (0.0.1):
    - Flutter
    - FlutterMacOS

DEPENDENCIES:
  - applovin_max (from `.symlinks/plugins/applovin_max/ios`)
  - audioplayers_darwin (from `.symlinks/plugins/audioplayers_darwin/darwin`)
  - Flutter (from `Flutter`)
  - flutter_ad_ios_plugins (from `.symlinks/plugins/flutter_ad_ios_plugins/ios`)
  - flutter_app_lifecycle (from `.symlinks/plugins/flutter_app_lifecycle/ios`)
  - fluttertoast (from `.symlinks/plugins/fluttertoast/ios`)
  - path_provider_foundation (from `.symlinks/plugins/path_provider_foundation/darwin`)
  - spine_flutter (from `.symlinks/plugins/spine_flutter/ios`)
  - sqflite_darwin (from `.symlinks/plugins/sqflite_darwin/darwin`)
  - webview_flutter_wkwebview (from `.symlinks/plugins/webview_flutter_wkwebview/darwin`)

SPEC REPOS:
  trunk:
    - AppLovinSDK

EXTERNAL SOURCES:
  applovin_max:
    :path: ".symlinks/plugins/applovin_max/ios"
  audioplayers_darwin:
    :path: ".symlinks/plugins/audioplayers_darwin/darwin"
  Flutter:
    :path: Flutter
  flutter_ad_ios_plugins:
    :path: ".symlinks/plugins/flutter_ad_ios_plugins/ios"
  flutter_app_lifecycle:
    :path: ".symlinks/plugins/flutter_app_lifecycle/ios"
  fluttertoast:
    :path: ".symlinks/plugins/fluttertoast/ios"
  path_provider_foundation:
    :path: ".symlinks/plugins/path_provider_foundation/darwin"
  spine_flutter:
    :path: ".symlinks/plugins/spine_flutter/ios"
  sqflite_darwin:
    :path: ".symlinks/plugins/sqflite_darwin/darwin"
  webview_flutter_wkwebview:
    :path: ".symlinks/plugins/webview_flutter_wkwebview/darwin"

SPEC CHECKSUMS:
  applovin_max: e2274945d7095e662f8e1657ff9cdde6e24df454
  AppLovinSDK: 1eb88a82b4feea9f3696ce9cc1e3343c4997ee12
  audioplayers_darwin: 4f9ca89d92d3d21cec7ec580e78ca888e5fb68bd
  Flutter: e0871f40cf51350855a761d2e70bf5af5b9b5de7
  flutter_ad_ios_plugins: 39f145153e9fe06753e9b28fb7b43925ae399a71
  flutter_app_lifecycle: 96f63b433a79e643add0fd0a58eabf1a0877e176
  fluttertoast: 2c67e14dce98bbdb200df9e1acf610d7a6264ea1
  path_provider_foundation: 080d55be775b7414fd5a5ef3ac137b97b097e564
  spine_flutter: 946c9b7aa6878d41940d50892f2b55c28ca788aa
  sqflite_darwin: 20b2a3a3b70e43edae938624ce550a3cbf66a3d0
  webview_flutter_wkwebview: 1821ceac936eba6f7984d89a9f3bcb4dea99ebb2

PODFILE CHECKSUM: 1959d098c91d8a792531a723c4a9d7e9f6a01e38

COCOAPODS: 1.16.2
